
Microsoft Visual Studio Solution File, Format Version 10.00
# Visual Studio 2008
Project("{FAE04EC0-301F-11D3-BF4B-00C04F79EFBC}") = "UnityScriptEditorRedirector", "UnityScriptEditorRedirector\UnityScriptEditorRedirector.csproj", "{70183A5C-7F33-4964-A03E-EB6DD494632A}"
EndProject
Project("{54435603-DBB4-11D2-8724-00A0C9A8B90C}") = "UnityScriptEditorRedirectorSetup", "UnityScriptEditorRedirectorSetup\UnityScriptEditorRedirectorSetup.vdproj", "{25F28644-F3E3-46E2-B73D-5DD903E4D554}"
EndProject
Global
	GlobalSection(SolutionConfigurationPlatforms) = preSolution
		Debug|Any CPU = Debug|Any CPU
		Release|Any CPU = Release|Any CPU
	EndGlobalSection
	GlobalSection(ProjectConfigurationPlatforms) = postSolution
		{70183A5C-7F33-4964-A03E-EB6DD494632A}.Debug|Any CPU.ActiveCfg = Debug|Any CPU
		{70183A5C-7F33-4964-A03E-EB6DD494632A}.Debug|Any CPU.Build.0 = Debug|Any CPU
		{70183A5C-7F33-4964-A03E-EB6DD494632A}.Release|Any CPU.ActiveCfg = Release|Any CPU
		{70183A5C-7F33-4964-A03E-EB6DD494632A}.Release|Any CPU.Build.0 = Release|Any CPU
		{25F28644-F3E3-46E2-B73D-5DD903E4D554}.Debug|Any CPU.ActiveCfg = Debug
		{25F28644-F3E3-46E2-B73D-5DD903E4D554}.Release|Any CPU.ActiveCfg = Release
	EndGlobalSection
	GlobalSection(SolutionProperties) = preSolution
		HideSolutionNode = FALSE
	EndGlobalSection
EndGlobal
